Microsoft Visual Studio Solution File, Format Version 12.00
# Visual Studio Version 17
VisualStudioVersion = 17.5.2.0
MinimumVisualStudioVersion = 10.0.40219.1
Project("{FAE04EC0-301F-11D3-BF4B-00C04F79EFBC}") = "midnight_commander", "midnight_commander.csproj", "{AD0C34C2-D752-F1FE-5C3C-4D01658269D9}"
EndProject
Global
	GlobalSection(SolutionConfigurationPlatforms) = preSolution
		Debug|Any CPU = Debug|Any CPU
		Release|Any CPU = Release|Any CPU
	EndGlobalSection
	GlobalSection(ProjectConfigurationPlatforms) = postSolution
		{AD0C34C2-D752-F1FE-5C3C-4D01658269D9}.Debug|Any CPU.ActiveCfg = Debug|Any CPU
		{AD0C34C2-D752-F1FE-5C3C-4D01658269D9}.Debug|Any CPU.Build.0 = Debug|Any CPU
		{AD0C34C2-D752-F1FE-5C3C-4D01658269D9}.Release|Any CPU.ActiveCfg = Release|Any CPU
		{AD0C34C2-D752-F1FE-5C3C-4D01658269D9}.Release|Any CPU.Build.0 = Release|Any CPU
	EndGlobalSection
	GlobalSection(SolutionProperties) = preSolution
		HideSolutionNode = FALSE
	EndGlobalSection
	GlobalSection(ExtensibilityGlobals) = postSolution
		SolutionGuid = {837B1701-0DD5-46F0-80E7-0CC896E215B9}
	EndGlobalSection
EndGlobal
